// !$*UTF8*$!
{
	archiveVersion = 1;
	classes = {
	};
	objectVersion = 46;
	objects = {

/* Begin PBXFileReference section */
		BD37AB1419900F9E00947D10 /* index.html */ = {isa = PBXFileReference; lastKnownFileType = text.html; path = index.html; sourceTree = "<group>"; };
		BD37AB16199010C100947D10 /* bootstrap-theme.css */ = {isa = PBXFileReference; lastKnownFileType = text.css; path = "bootstrap-theme.css"; sourceTree = "<group>"; };
		BD37AB17199010C100947D10 /* bootstrap-theme.css.map */ = {isa = PBXFileReference; lastKnownFileType = text; path = "bootstrap-theme.css.map"; sourceTree = "<group>"; };
		BD37AB18199010C100947D10 /* bootstrap-theme.min.css */ = {isa = PBXFileReference; lastKnownFileType = text.css; path = "bootstrap-theme.min.css"; sourceTree = "<group>"; };
		BD37AB19199010C100947D10 /* bootstrap.css */ = {isa = PBXFileReference; lastKnownFileType = text.css; path = bootstrap.css; sourceTree = "<group>"; };
		BD37AB1A199010C100947D10 /* bootstrap.css.map */ = {isa = PBXFileReference; lastKnownFileType = text; path = bootstrap.css.map; sourceTree = "<group>"; };
		BD37AB1B199010C100947D10 /* bootstrap.min.css */ = {isa = PBXFileReference; lastKnownFileType = text.css; path = bootstrap.min.css; sourceTree = "<group>"; };
		BD37AB1D199010C100947D10 /* glyphicons-halflings-regular.eot */ = {isa = PBXFileReference; lastKnownFileType = file; path = "glyphicons-halflings-regular.eot"; sourceTree = "<group>"; };
		BD37AB1E199010C100947D10 /* glyphicons-halflings-regular.svg */ = {isa = PBXFileReference; lastKnownFileType = text.xml; path = "glyphicons-halflings-regular.svg"; sourceTree = "<group>"; };
		BD37AB1F199010C100947D10 /* glyphicons-halflings-regular.ttf */ = {isa = PBXFileReference; lastKnownFileType = file; path = "glyphicons-halflings-regular.ttf"; sourceTree = "<group>"; };
		BD37AB20199010C100947D10 /* glyphicons-halflings-regular.woff */ = {isa = PBXFileReference; lastKnownFileType = file; path = "glyphicons-halflings-regular.woff"; sourceTree = "<group>"; };
		BD37AB22199010C100947D10 /* bootstrap.js */ = {isa = PBXFileReference; lastKnownFileType = sourcecode.javascript; path = bootstrap.js; sourceTree = "<group>"; };
		BD37AB23199010C100947D10 /* bootstrap.min.js */ = {isa = PBXFileReference; lastKnownFileType = sourcecode.javascript; path = bootstrap.min.js; sourceTree = "<group>"; };
/* End PBXFileReference section */

/* Begin PBXGroup section */
		BD37AB0D19900F8400947D10 = {
			isa = PBXGroup;
			children = (
				BD37AB1419900F9E00947D10 /* index.html */,
				BD37AB15199010C100947D10 /* css */,
				BD37AB1C199010C100947D10 /* fonts */,
				BD37AB21199010C100947D10 /* js */,
			);
			sourceTree = "<group>";
		};
		BD37AB15199010C100947D10 /* css */ = {
			isa = PBXGroup;
			children = (
				BD37AB16199010C100947D10 /* bootstrap-theme.css */,
				BD37AB17199010C100947D10 /* bootstrap-theme.css.map */,
				BD37AB18199010C100947D10 /* bootstrap-theme.min.css */,
				BD37AB19199010C100947D10 /* bootstrap.css */,
				BD37AB1A199010C100947D10 /* bootstrap.css.map */,
				BD37AB1B199010C100947D10 /* bootstrap.min.css */,
			);
			path = css;
			sourceTree = "<group>";
		};
		BD37AB1C199010C100947D10 /* fonts */ = {
			isa = PBXGroup;
			children = (
				BD37AB1D199010C100947D10 /* glyphicons-halflings-regular.eot */,
				BD37AB1E199010C100947D10 /* glyphicons-halflings-regular.svg */,
				BD37AB1F199010C100947D10 /* glyphicons-halflings-regular.ttf */,
				BD37AB20199010C100947D10 /* glyphicons-halflings-regular.woff */,
			);
			path = fonts;
			sourceTree = "<group>";
		};
		BD37AB21199010C100947D10 /* js */ = {
			isa = PBXGroup;
			children = (
				BD37AB22199010C100947D10 /* bootstrap.js */,
				BD37AB23199010C100947D10 /* bootstrap.min.js */,
			);
			path = js;
			sourceTree = "<group>";
		};
/* End PBXGroup section */

/* Begin PBXProject section */
		BD37AB0E19900F8400947D10 /* Project object */ = {
			isa = PBXProject;
			attributes = {
				LastUpgradeCheck = 0510;
			};
			buildConfigurationList = BD37AB1119900F8400947D10 /* Build configuration list for PBXProject "RoomScheduler" */;
			compatibilityVersion = "Xcode 3.2";
			developmentRegion = English;
			hasScannedForEncodings = 0;
			knownRegions = (
				en,
			);
			mainGroup = BD37AB0D19900F8400947D10;
			projectDirPath = "";
			projectRoot = "";
			targets = (
			);
		};
/* End PBXProject section */

/* Begin XCBuildConfiguration section */
		BD37AB1219900F8400947D10 /* Debug */ = {
			isa = XCBuildConfiguration;
			buildSettings = {
			};
			name = Debug;
		};
		BD37AB1319900F8400947D10 /* Release */ = {
			isa = XCBuildConfiguration;
			buildSettings = {
			};
			name = Release;
		};
/* End XCBuildConfiguration section */

/* Begin XCConfigurationList section */
		BD37AB1119900F8400947D10 /* Build configuration list for PBXProject "RoomScheduler" */ = {
			isa = XCConfigurationList;
			buildConfigurations = (
				BD37AB1219900F8400947D10 /* Debug */,
				BD37AB1319900F8400947D10 /* Release */,
			);
			defaultConfigurationIsVisible = 0;
			defaultConfigurationName = Release;
		};
/* End XCConfigurationList section */
	};
	rootObject = BD37AB0E19900F8400947D10 /* Project object */;
}
